{
  "name": "intergrid",
  "version": "0.3.0",
  "lockfileVersion": 1,
  "requires": true,
  "dependencies": {
    "ansi-styles": {
      "version": "1.1.0",
      "resolved": "https://registry.npmjs.org/ansi-styles/-/ansi-styles-1.1.0.tgz",
      "integrity": "sha1-6uy/Zs1waIJ2Cy9GkVgrj1XXp94=",
      "optional": true
    },
    "async": {
      "version": "2.6.1",
      "resolved": "https://registry.npmjs.org/async/-/async-2.6.1.tgz",
      "integrity": "sha512-fNEiL2+AZt6AlAw/29Cr0UDe4sRAHCpEHh54WMz+Bb7QfNcFw4h3loofyJpLeQs4Yx7yuqu/2dLgM5hKOs6HlQ==",
      "dev": true,
      "requires": {
        "lodash": "^4.17.10"
      }
    },
    "cnd": {
      "version": "4.3.1",
      "resolved": "https://registry.npmjs.org/cnd/-/cnd-4.3.1.tgz",
      "integrity": "sha512-TVv2/Sg1YwRZ2TkJZk92wCvqHgXheq62mTZdFADh9m9izmmG8ubL7AjDv0tnmhCmpXVDIPf/5SXV9Spt4PYbCQ==",
      "requires": {
        "trycatch": "^1.5.21"
      }
    },
    "diff": {
      "version": "3.5.0",
      "resolved": "https://registry.npmjs.org/diff/-/diff-3.5.0.tgz",
      "integrity": "sha512-A46qtFgd+g7pDZinpnwiRJtxbC1hpgf0uzP3iG89scHk0AUC7A1TGxf5OiiOUv/JMZR8GOt8hL900hV0bOy5xA==",
      "dev": true
    },
    "guy-test": {
      "version": "1.3.3",
      "resolved": "https://registry.npmjs.org/guy-test/-/guy-test-1.3.3.tgz",
      "integrity": "sha1-IZWmnLOH4TwwGyc4EFaygdC0b/A=",
      "dev": true,
      "requires": {
        "async": "^2.1.2",
        "cnd": "^4.2.0",
        "diff": "^3.0.1"
      }
    },
    "hookit": {
      "version": "1.1.3",
      "resolved": "https://registry.npmjs.org/hookit/-/hookit-1.1.3.tgz",
      "integrity": "sha1-YnvRuQvE7sHTe2OiCCzv9Rgb+xk="
    },
    "lodash": {
      "version": "4.17.11",
      "resolved": "https://registry.npmjs.org/lodash/-/lodash-4.17.11.tgz",
      "integrity": "sha512-cQKh8igo5QUhZ7lg38DYWAxMvjSAKG0A8wGSVimP07SIUEK2UO+arSRKbRZWtelMtN5V0Hkwh5ryOto/SshYIg==",
      "dev": true
    },
    "trycatch": {
      "version": "1.5.21",
      "resolved": "https://registry.npmjs.org/trycatch/-/trycatch-1.5.21.tgz",
      "integrity": "sha1-LLFdQ9T0X3Q2dweYoQvfvh1aVv4=",
      "requires": {
        "ansi-styles": "1.x.x",
        "hookit": "^1.1.3"
      }
    },
    "xregexp": {
      "version": "4.2.0",
      "resolved": "https://registry.npmjs.org/xregexp/-/xregexp-4.2.0.tgz",
      "integrity": "sha512-IyMa7SVe9FyT4WbQVW3b95mTLVceHhLEezQ02+QMvmIqDnKTxk0MLWIQPSW2MXAr1zQb+9yvwYhcyQULneh3wA=="
    }
  }
}
